
Microsoft Visual Studio Solution File, Format Version 12.00
# Visual Studio Version 17
VisualStudioVersion = 17.14.36310.24 d17.14
MinimumVisualStudioVersion = 10.0.40219.1
Project("{FAE04EC0-301F-11D3-BF4B-00C04F79EFBC}") = "MergeFilesWinForms", "MergeFilesWinForms.csproj", "{72F981ED-B707-9D63-24E4-8991BA2BBE3C}"
EndProject
Global
	GlobalSection(SolutionConfigurationPlatforms) = preSolution
		Debug|Any CPU = Debug|Any CPU
		Release|Any CPU = Release|Any CPU
	EndGlobalSection
	GlobalSection(ProjectConfigurationPlatforms) = postSolution
		{72F981ED-B707-9D63-24E4-8991BA2BBE3C}.Debug|Any CPU.ActiveCfg = Debug|Any CPU
		{72F981ED-B707-9D63-24E4-8991BA2BBE3C}.Debug|Any CPU.Build.0 = Debug|Any CPU
		{72F981ED-B707-9D63-24E4-8991BA2BBE3C}.Release|Any CPU.ActiveCfg = Release|Any CPU
		{72F981ED-B707-9D63-24E4-8991BA2BBE3C}.Release|Any CPU.Build.0 = Release|Any CPU
	EndGlobalSection
	GlobalSection(SolutionProperties) = preSolution
		HideSolutionNode = FALSE
	EndGlobalSection
	GlobalSection(ExtensibilityGlobals) = postSolution
		SolutionGuid = {9A74B88F-CF4A-4C5A-94A7-C78647BC1D04}
	EndGlobalSection
EndGlobal
